# This file is autogenerated, do not edit; changes may be undone by the next 'dep ensure'.


[[projects]]
  name = "github.com/l3x/go-bindata-assetfs"
  packages = ["."]
  revision = "dc684e111db2673b6fb2f3c04cd860e6da529b3d"
  version = "v1.0.2"

[[projects]]
  name = "github.com/l3x/godaemon"
  packages = ["."]
  revision = "6574fcb6e968684ba40f04a2988abcfc35182d02"
  version = "v1.0.2"

[[projects]]
  name = "github.com/l3x/log4go"
  packages = ["."]
  revision = "c7195f54e337e9808bbb34e180529640641c790a"
  version = "v1.0.2"

[solve-meta]
  analyzer-name = "dep"
  analyzer-version = 1
  inputs-digest = "eb03b1058e0d450d6e023613f17eb4a4f6cb402c9f1ed7c45009abcbf7269ee2"
  solver-name = "gps-cdcl"
  solver-version = 1
